// !$*UTF8*$!
{
	archiveVersion = 1;
	classes = {
	};
	objectVersion = 46;
	objects = {

/* Begin PBXBuildFile section */
		A71042321D6F173B00E68257 /* AppDelegate.swift in Sources */ = {isa = PBXBuildFile; fileRef = A71042311D6F173B00E68257 /* AppDelegate.swift */; };
		A71042361D6F173B00E68257 /* Assets.xcassets in Resources */ = {isa = PBXBuildFile; fileRef = A71042351D6F173B00E68257 /* Assets.xcassets */; };
		A71042391D6F173B00E68257 /* Main.storyboard in Resources */ = {isa = PBXBuildFile; fileRef = A71042371D6F173B00E68257 /* Main.storyboard */; };
		A71042411D6F247B00E68257 /* MenuLet.swift in Sources */ = {isa = PBXBuildFile; fileRef = A71042401D6F247B00E68257 /* MenuLet.swift */; };
		A72464A31D7078940011B4BA /* PreferenceController.swift in Sources */ = {isa = PBXBuildFile; fileRef = A72464A11D7078940011B4BA /* PreferenceController.swift */; };
		A72464A41D7078940011B4BA /* PreferenceController.xib in Resources */ = {isa = PBXBuildFile; fileRef = A72464A21D7078940011B4BA /* PreferenceController.xib */; };
		A724A0D91E373B3C008FD8E4 /* ServiceManagement.framework in Frameworks */ = {isa = PBXBuildFile; fileRef = A724A0D81E373B3C008FD8E4 /* ServiceManagement.framework */; };
		A758BCB31D71B015002512B0 /* PreferenceModel.swift in Sources */ = {isa = PBXBuildFile; fileRef = A758BCB21D71B015002512B0 /* PreferenceModel.swift */; };
		A758BCB51D71E274002512B0 /* client_darwin_amd64 in Resources */ = {isa = PBXBuildFile; fileRef = A758BCB41D71E274002512B0 /* client_darwin_amd64 */; };
		A758BCB71D71E692002512B0 /* Command.swift in Sources */ = {isa = PBXBuildFile; fileRef = A758BCB61D71E692002512B0 /* Command.swift */; };
		A779F6071EDB9E01009BA944 /* AEXML.framework in Frameworks */ = {isa = PBXBuildFile; fileRef = A779F6061EDB9E01009BA944 /* AEXML.framework */; };
		A779F6081EDB9E01009BA944 /* AEXML.framework in Embed Frameworks */ = {isa = PBXBuildFile; fileRef = A779F6061EDB9E01009BA944 /* AEXML.framework */; settings = {ATTRIBUTES = (CodeSignOnCopy, RemoveHeadersOnCopy, ); }; };
		A7860A391E3741E20007A935 /* AppDelegate.swift in Sources */ = {isa = PBXBuildFile; fileRef = A7860A381E3741E20007A935 /* AppDelegate.swift */; };
		A7860A3B1E3741E20007A935 /* Assets.xcassets in Resources */ = {isa = PBXBuildFile; fileRef = A7860A3A1E3741E20007A935 /* Assets.xcassets */; };
		A7860A3E1E3741E20007A935 /* MainMenu.xib in Resources */ = {isa = PBXBuildFile; fileRef = A7860A3C1E3741E20007A935 /* MainMenu.xib */; };
		A7860A431E3746B80007A935 /* KcptunMacLauncher.app in CopyFiles */ = {isa = PBXBuildFile; fileRef = A7860A361E3741E20007A935 /* KcptunMacLauncher.app */; settings = {ATTRIBUTES = (RemoveHeadersOnCopy, ); }; };
/* End PBXBuildFile section */

/* Begin PBXCopyFilesBuildPhase section */
		A724A0E01E373C60008FD8E4 /* CopyFiles */ = {
			isa = PBXCopyFilesBuildPhase;
			buildActionMask = 2147483647;
			dstPath = Contents/Library/LoginItems;
			dstSubfolderSpec = 1;
			files = (
				A7860A431E3746B80007A935 /* KcptunMacLauncher.app in CopyFiles */,
			);
			runOnlyForDeploymentPostprocessing = 0;
		};
		A779F6091EDB9E01009BA944 /* Embed Frameworks */ = {
			isa = PBXCopyFilesBuildPhase;
			buildActionMask = 2147483647;
			dstPath = "";
			dstSubfolderSpec = 10;
			files = (
				A779F6081EDB9E01009BA944 /* AEXML.framework in Embed Frameworks */,
			);
			name = "Embed Frameworks";
			runOnlyForDeploymentPostprocessing = 0;
		};
/* End PBXCopyFilesBuildPhase section */

/* Begin PBXFileReference section */
		A710422E1D6F173B00E68257 /* KcptunMac.app */ = {isa = PBXFileReference; explicitFileType = wrapper.application; includeInIndex = 0; path = KcptunMac.app; sourceTree = BUILT_PRODUCTS_DIR; };
		A71042311D6F173B00E68257 /* AppDelegate.swift */ = {isa = PBXFileReference; lastKnownFileType = sourcecode.swift; path = AppDelegate.swift; sourceTree = "<group>"; };
		A71042351D6F173B00E68257 /* Assets.xcassets */ = {isa = PBXFileReference; lastKnownFileType = folder.assetcatalog; path = Assets.xcassets; sourceTree = "<group>"; };
		A71042381D6F173B00E68257 /* Base */ = {isa = PBXFileReference; lastKnownFileType = file.storyboard; name = Base; path = Base.lproj/Main.storyboard; sourceTree = "<group>"; };
		A710423A1D6F173B00E68257 /* Info.plist */ = {isa = PBXFileReference; lastKnownFileType = text.plist.xml; path = Info.plist; sourceTree = "<group>"; };
		A71042401D6F247B00E68257 /* MenuLet.swift */ = {isa = PBXFileReference; fileEncoding = 4; lastKnownFileType = sourcecode.swift; path = MenuLet.swift; sourceTree = "<group>"; };
		A72464A11D7078940011B4BA /* PreferenceController.swift */ = {isa = PBXFileReference; fileEncoding = 4; lastKnownFileType = sourcecode.swift; path = PreferenceController.swift; sourceTree = "<group>"; };
		A72464A21D7078940011B4BA /* PreferenceController.xib */ = {isa = PBXFileReference; fileEncoding = 4; lastKnownFileType = file.xib; path = PreferenceController.xib; sourceTree = "<group>"; };
		A724A0D81E373B3C008FD8E4 /* ServiceManagement.framework */ = {isa = PBXFileReference; lastKnownFileType = wrapper.framework; name = ServiceManagement.framework; path = System/Library/Frameworks/ServiceManagement.framework; sourceTree = SDKROOT; };
		A758BCB21D71B015002512B0 /* PreferenceModel.swift */ = {isa = PBXFileReference; fileEncoding = 4; lastKnownFileType = sourcecode.swift; path = PreferenceModel.swift; sourceTree = "<group>"; };
		A758BCB41D71E274002512B0 /* client_darwin_amd64 */ = {isa = PBXFileReference; lastKnownFileType = "compiled.mach-o.executable"; path = client_darwin_amd64; sourceTree = "<group>"; };
		A758BCB61D71E692002512B0 /* Command.swift */ = {isa = PBXFileReference; fileEncoding = 4; lastKnownFileType = sourcecode.swift; path = Command.swift; sourceTree = "<group>"; };
		A779F6061EDB9E01009BA944 /* AEXML.framework */ = {isa = PBXFileReference; lastKnownFileType = wrapper.framework; name = AEXML.framework; path = Frameworks/AEXML.framework; sourceTree = "<group>"; };
		A7860A361E3741E20007A935 /* KcptunMacLauncher.app */ = {isa = PBXFileReference; explicitFileType = wrapper.application; includeInIndex = 0; path = KcptunMacLauncher.app; sourceTree = BUILT_PRODUCTS_DIR; };
		A7860A381E3741E20007A935 /* AppDelegate.swift */ = {isa = PBXFileReference; lastKnownFileType = sourcecode.swift; path = AppDelegate.swift; sourceTree = "<group>"; };
		A7860A3A1E3741E20007A935 /* Assets.xcassets */ = {isa = PBXFileReference; lastKnownFileType = folder.assetcatalog; path = Assets.xcassets; sourceTree = "<group>"; };
		A7860A3D1E3741E20007A935 /* Base */ = {isa = PBXFileReference; lastKnownFileType = file.xib; name = Base; path = Base.lproj/MainMenu.xib; sourceTree = "<group>"; };
		A7860A3F1E3741E20007A935 /* Info.plist */ = {isa = PBXFileReference; lastKnownFileType = text.plist.xml; path = Info.plist; sourceTree = "<group>"; };
/* End PBXFileReference section */

/* Begin PBXFrameworksBuildPhase section */
		A710422B1D6F173B00E68257 /* Frameworks */ = {
			isa = PBXFrameworksBuildPhase;
			buildActionMask = 2147483647;
			files = (
				A779F6071EDB9E01009BA944 /* AEXML.framework in Frameworks */,
				A724A0D91E373B3C008FD8E4 /* ServiceManagement.framework in Frameworks */,
			);
			runOnlyForDeploymentPostprocessing = 0;
		};
		A7860A331E3741E20007A935 /* Frameworks */ = {
			isa = PBXFrameworksBuildPhase;
			buildActionMask = 2147483647;
			files = (
			);
			runOnlyForDeploymentPostprocessing = 0;
		};
/* End PBXFrameworksBuildPhase section */

/* Begin PBXGroup section */
		A71042251D6F173B00E68257 = {
			isa = PBXGroup;
			children = (
				A779F6061EDB9E01009BA944 /* AEXML.framework */,
				A71042301D6F173B00E68257 /* KcptunMac */,
				A7860A371E3741E20007A935 /* KcptunMacLauncher */,
				A710422F1D6F173B00E68257 /* Products */,
				A724A0D71E373B3C008FD8E4 /* Frameworks */,
			);
			sourceTree = "<group>";
		};
		A710422F1D6F173B00E68257 /* Products */ = {
			isa = PBXGroup;
			children = (
				A710422E1D6F173B00E68257 /* KcptunMac.app */,
				A7860A361E3741E20007A935 /* KcptunMacLauncher.app */,
			);
			name = Products;
			sourceTree = "<group>";
		};
		A71042301D6F173B00E68257 /* KcptunMac */ = {
			isa = PBXGroup;
			children = (
				A71042311D6F173B00E68257 /* AppDelegate.swift */,
				A71042351D6F173B00E68257 /* Assets.xcassets */,
				A71042371D6F173B00E68257 /* Main.storyboard */,
				A710423A1D6F173B00E68257 /* Info.plist */,
				A71042401D6F247B00E68257 /* MenuLet.swift */,
				A72464A11D7078940011B4BA /* PreferenceController.swift */,
				A72464A21D7078940011B4BA /* PreferenceController.xib */,
				A758BCB21D71B015002512B0 /* PreferenceModel.swift */,
				A758BCB41D71E274002512B0 /* client_darwin_amd64 */,
				A758BCB61D71E692002512B0 /* Command.swift */,
			);
			path = KcptunMac;
			sourceTree = "<group>";
		};
		A724A0D71E373B3C008FD8E4 /* Frameworks */ = {
			isa = PBXGroup;
			children = (
				A724A0D81E373B3C008FD8E4 /* ServiceManagement.framework */,
			);
			name = Frameworks;
			sourceTree = "<group>";
		};
		A7860A371E3741E20007A935 /* KcptunMacLauncher */ = {
			isa = PBXGroup;
			children = (
				A7860A381E3741E20007A935 /* AppDelegate.swift */,
				A7860A3A1E3741E20007A935 /* Assets.xcassets */,
				A7860A3C1E3741E20007A935 /* MainMenu.xib */,
				A7860A3F1E3741E20007A935 /* Info.plist */,
			);
			path = KcptunMacLauncher;
			sourceTree = "<group>";
		};
/* End PBXGroup section */

/* Begin PBXNativeTarget section */
		A710422D1D6F173B00E68257 /* KcptunMac */ = {
			isa = PBXNativeTarget;
			buildConfigurationList = A710423D1D6F173B00E68257 /* Build configuration list for PBXNativeTarget "KcptunMac" */;
			buildPhases = (
				A710422A1D6F173B00E68257 /* Sources */,
				A710422B1D6F173B00E68257 /* Frameworks */,
				A710422C1D6F173B00E68257 /* Resources */,
				A724A0E01E373C60008FD8E4 /* CopyFiles */,
				A779F6091EDB9E01009BA944 /* Embed Frameworks */,
			);
			buildRules = (
			);
			dependencies = (
			);
			name = KcptunMac;
			productName = KcptunMac;
			productReference = A710422E1D6F173B00E68257 /* KcptunMac.app */;
			productType = "com.apple.product-type.application";
		};
		A7860A351E3741E20007A935 /* KcptunMacLauncher */ = {
			isa = PBXNativeTarget;
			buildConfigurationList = A7860A401E3741E20007A935 /* Build configuration list for PBXNativeTarget "KcptunMacLauncher" */;
			buildPhases = (
				A7860A321E3741E20007A935 /* Sources */,
				A7860A331E3741E20007A935 /* Frameworks */,
				A7860A341E3741E20007A935 /* Resources */,
			);
			buildRules = (
			);
			dependencies = (
			);
			name = KcptunMacLauncher;
			productName = KcptunMacLauncher;
			productReference = A7860A361E3741E20007A935 /* KcptunMacLauncher.app */;
			productType = "com.apple.product-type.application";
		};
/* End PBXNativeTarget section */

/* Begin PBXProject section */
		A71042261D6F173B00E68257 /* Project object */ = {
			isa = PBXProject;
			attributes = {
				LastSwiftUpdateCheck = 0820;
				LastUpgradeCheck = 0830;
				ORGANIZATIONNAME = "Cedric Wu";
				TargetAttributes = {
					A710422D1D6F173B00E68257 = {
						CreatedOnToolsVersion = 7.3.1;
						LastSwiftMigration = 0820;
						ProvisioningStyle = Manual;
					};
					A7860A351E3741E20007A935 = {
						CreatedOnToolsVersion = 8.2.1;
						ProvisioningStyle = Manual;
					};
				};
			};
			buildConfigurationList = A71042291D6F173B00E68257 /* Build configuration list for PBXProject "KcptunMac" */;
			compatibilityVersion = "Xcode 3.2";
			developmentRegion = English;
			hasScannedForEncodings = 0;
			knownRegions = (
				en,
				Base,
			);
			mainGroup = A71042251D6F173B00E68257;
			productRefGroup = A710422F1D6F173B00E68257 /* Products */;
			projectDirPath = "";
			projectRoot = "";
			targets = (
				A710422D1D6F173B00E68257 /* KcptunMac */,
				A7860A351E3741E20007A935 /* KcptunMacLauncher */,
			);
		};
/* End PBXProject section */

/* Begin PBXResourcesBuildPhase section */
		A710422C1D6F173B00E68257 /* Resources */ = {
			isa = PBXResourcesBuildPhase;
			buildActionMask = 2147483647;
			files = (
				A72464A41D7078940011B4BA /* PreferenceController.xib in Resources */,
				A758BCB51D71E274002512B0 /* client_darwin_amd64 in Resources */,
				A71042361D6F173B00E68257 /* Assets.xcassets in Resources */,
				A71042391D6F173B00E68257 /* Main.storyboard in Resources */,
			);
			runOnlyForDeploymentPostprocessing = 0;
		};
		A7860A341E3741E20007A935 /* Resources */ = {
			isa = PBXResourcesBuildPhase;
			buildActionMask = 2147483647;
			files = (
				A7860A3B1E3741E20007A935 /* Assets.xcassets in Resources */,
				A7860A3E1E3741E20007A935 /* MainMenu.xib in Resources */,
			);
			runOnlyForDeploymentPostprocessing = 0;
		};
/* End PBXResourcesBuildPhase section */

/* Begin PBXSourcesBuildPhase section */
		A710422A1D6F173B00E68257 /* Sources */ = {
			isa = PBXSourcesBuildPhase;
			buildActionMask = 2147483647;
			files = (
				A758BCB31D71B015002512B0 /* PreferenceModel.swift in Sources */,
				A71042411D6F247B00E68257 /* MenuLet.swift in Sources */,
				A71042321D6F173B00E68257 /* AppDelegate.swift in Sources */,
				A758BCB71D71E692002512B0 /* Command.swift in Sources */,
				A72464A31D7078940011B4BA /* PreferenceController.swift in Sources */,
			);
			runOnlyForDeploymentPostprocessing = 0;
		};
		A7860A321E3741E20007A935 /* Sources */ = {
			isa = PBXSourcesBuildPhase;
			buildActionMask = 2147483647;
			files = (
				A7860A391E3741E20007A935 /* AppDelegate.swift in Sources */,
			);
			runOnlyForDeploymentPostprocessing = 0;
		};
/* End PBXSourcesBuildPhase section */

/* Begin PBXVariantGroup section */
		A71042371D6F173B00E68257 /* Main.storyboard */ = {
			isa = PBXVariantGroup;
			children = (
				A71042381D6F173B00E68257 /* Base */,
			);
			name = Main.storyboard;
			sourceTree = "<group>";
		};
		A7860A3C1E3741E20007A935 /* MainMenu.xib */ = {
			isa = PBXVariantGroup;
			children = (
				A7860A3D1E3741E20007A935 /* Base */,
			);
			name = MainMenu.xib;
			sourceTree = "<group>";
		};
/* End PBXVariantGroup section */

/* Begin XCBuildConfiguration section */
		A710423B1D6F173B00E68257 /* Debug */ = {
			isa = XCBuildConfiguration;
			buildSettings = {
				ALWAYS_SEARCH_USER_PATHS = NO;
				CLANG_ANALYZER_NONNULL = YES;
				CLANG_CXX_LANGUAGE_STANDARD = "gnu++0x";
				CLANG_CXX_LIBRARY = "libc++";
				CLANG_ENABLE_MODULES = YES;
				CLANG_ENABLE_OBJC_ARC = YES;
				CLANG_WARN_BOOL_CONVERSION = YES;
				CLANG_WARN_CONSTANT_CONVERSION = YES;
				CLANG_WARN_DIRECT_OBJC_ISA_USAGE = YES_ERROR;
				CLANG_WARN_EMPTY_BODY = YES;
				CLANG_WARN_ENUM_CONVERSION = YES;
				CLANG_WARN_INFINITE_RECURSION = YES;
				CLANG_WARN_INT_CONVERSION = YES;
				CLANG_WARN_OBJC_ROOT_CLASS = YES_ERROR;
				CLANG_WARN_SUSPICIOUS_MOVE = YES;
				CLANG_WARN_UNREACHABLE_CODE = YES;
				CLANG_WARN__DUPLICATE_METHOD_MATCH = YES;
				CODE_SIGN_IDENTITY = "-";
				COPY_PHASE_STRIP = NO;
				DEBUG_INFORMATION_FORMAT = dwarf;
				ENABLE_STRICT_OBJC_MSGSEND = YES;
				ENABLE_TESTABILITY = YES;
				GCC_C_LANGUAGE_STANDARD = gnu99;
				GCC_DYNAMIC_NO_PIC = NO;
				GCC_NO_COMMON_BLOCKS = YES;
				GCC_OPTIMIZATION_LEVEL = 0;
				GCC_PREPROCESSOR_DEFINITIONS = (
					"DEBUG=1",
					"$(inherited)",
				);
				GCC_WARN_64_TO_32_BIT_CONVERSION = YES;
				GCC_WARN_ABOUT_RETURN_TYPE = YES_ERROR;
				GCC_WARN_UNDECLARED_SELECTOR = YES;
				GCC_WARN_UNINITIALIZED_AUTOS = YES_AGGRESSIVE;
				GCC_WARN_UNUSED_FUNCTION = YES;
				GCC_WARN_UNUSED_VARIABLE = YES;
				MACOSX_DEPLOYMENT_TARGET = 10.11;
				MTL_ENABLE_DEBUG_INFO = YES;
				ONLY_ACTIVE_ARCH = YES;
				SDKROOT = macosx;
				SWIFT_OPTIMIZATION_LEVEL = "-Onone";
			};
			name = Debug;
		};
		A710423C1D6F173B00E68257 /* Release */ = {
			isa = XCBuildConfiguration;
			buildSettings = {
				ALWAYS_SEARCH_USER_PATHS = NO;
				CLANG_ANALYZER_NONNULL = YES;
				CLANG_CXX_LANGUAGE_STANDARD = "gnu++0x";
				CLANG_CXX_LIBRARY = "libc++";
				CLANG_ENABLE_MODULES = YES;
				CLANG_ENABLE_OBJC_ARC = YES;
				CLANG_WARN_BOOL_CONVERSION = YES;
				CLANG_WARN_CONSTANT_CONVERSION = YES;
				CLANG_WARN_DIRECT_OBJC_ISA_USAGE = YES_ERROR;
				CLANG_WARN_EMPTY_BODY = YES;
				CLANG_WARN_ENUM_CONVERSION = YES;
				CLANG_WARN_INFINITE_RECURSION = YES;
				CLANG_WARN_INT_CONVERSION = YES;
				CLANG_WARN_OBJC_ROOT_CLASS = YES_ERROR;
				CLANG_WARN_SUSPICIOUS_MOVE = YES;
				CLANG_WARN_UNREACHABLE_CODE = YES;
				CLANG_WARN__DUPLICATE_METHOD_MATCH = YES;
				CODE_SIGN_IDENTITY = "-";
				COPY_PHASE_STRIP = NO;
				DEBUG_INFORMATION_FORMAT = "dwarf-with-dsym";
				ENABLE_NS_ASSERTIONS = NO;
				ENABLE_STRICT_OBJC_MSGSEND = YES;
				GCC_C_LANGUAGE_STANDARD = gnu99;
				GCC_NO_COMMON_BLOCKS = YES;
				GCC_WARN_64_TO_32_BIT_CONVERSION = YES;
				GCC_WARN_ABOUT_RETURN_TYPE = YES_ERROR;
				GCC_WARN_UNDECLARED_SELECTOR = YES;
				GCC_WARN_UNINITIALIZED_AUTOS = YES_AGGRESSIVE;
				GCC_WARN_UNUSED_FUNCTION = YES;
				GCC_WARN_UNUSED_VARIABLE = YES;
				MACOSX_DEPLOYMENT_TARGET = 10.11;
				MTL_ENABLE_DEBUG_INFO = NO;
				SDKROOT = macosx;
				SWIFT_OPTIMIZATION_LEVEL = "-Owholemodule";
			};
			name = Release;
		};
		A710423E1D6F173B00E68257 /* Debug */ = {
			isa = XCBuildConfiguration;
			buildSettings = {
				ALWAYS_EMBED_SWIFT_STANDARD_LIBRARIES = YES;
				ASSETCATALOG_COMPILER_APPICON_NAME = AppIcon;
				CODE_SIGN_IDENTITY = "";
				COMBINE_HIDPI_IMAGES = YES;
				DEVELOPMENT_TEAM = "";
				FRAMEWORK_SEARCH_PATHS = (
					"$(inherited)",
					"$(PROJECT_DIR)/Frameworks",
				);
				INFOPLIST_FILE = KcptunMac/Info.plist;
				LD_RUNPATH_SEARCH_PATHS = "$(inherited) @executable_path/../Frameworks";
				PRODUCT_BUNDLE_IDENTIFIER = com.cedric.KcptunMac;
				PRODUCT_NAME = "$(TARGET_NAME)";
				SWIFT_VERSION = 3.0;
			};
			name = Debug;
		};
		A710423F1D6F173B00E68257 /* Release */ = {
			isa = XCBuildConfiguration;
			buildSettings = {
				ALWAYS_EMBED_SWIFT_STANDARD_LIBRARIES = YES;
				ASSETCATALOG_COMPILER_APPICON_NAME = AppIcon;
				CODE_SIGN_IDENTITY = "";
				COMBINE_HIDPI_IMAGES = YES;
				DEVELOPMENT_TEAM = "";
				FRAMEWORK_SEARCH_PATHS = (
					"$(inherited)",
					"$(PROJECT_DIR)/Frameworks",
				);
				INFOPLIST_FILE = KcptunMac/Info.plist;
				LD_RUNPATH_SEARCH_PATHS = "$(inherited) @executable_path/../Frameworks";
				PRODUCT_BUNDLE_IDENTIFIER = com.cedric.KcptunMac;
				PRODUCT_NAME = "$(TARGET_NAME)";
				SWIFT_VERSION = 3.0;
			};
			name = Release;
		};
		A7860A411E3741E20007A935 /* Debug */ = {
			isa = XCBuildConfiguration;
			buildSettings = {
				ASSETCATALOG_COMPILER_APPICON_NAME = AppIcon;
				CLANG_WARN_DOCUMENTATION_COMMENTS = YES;
				CLANG_WARN_INFINITE_RECURSION = YES;
				CLANG_WARN_SUSPICIOUS_MOVE = YES;
				CODE_SIGN_IDENTITY = "";
				COMBINE_HIDPI_IMAGES = YES;
				DEVELOPMENT_TEAM = "";
				INFOPLIST_FILE = KcptunMacLauncher/Info.plist;
				LD_RUNPATH_SEARCH_PATHS = "$(inherited) @executable_path/../Frameworks";
				MACOSX_DEPLOYMENT_TARGET = 10.12;
				PRODUCT_BUNDLE_IDENTIFIER = com.cedric.KcptunMac.KcptunMacLauncher;
				PRODUCT_NAME = "$(TARGET_NAME)";
				SKIP_INSTALL = YES;
				SWIFT_ACTIVE_COMPILATION_CONDITIONS = DEBUG;
				SWIFT_VERSION = 3.0;
			};
			name = Debug;
		};
		A7860A421E3741E20007A935 /* Release */ = {
			isa = XCBuildConfiguration;
			buildSettings = {
				ASSETCATALOG_COMPILER_APPICON_NAME = AppIcon;
				CLANG_WARN_DOCUMENTATION_COMMENTS = YES;
				CLANG_WARN_INFINITE_RECURSION = YES;
				CLANG_WARN_SUSPICIOUS_MOVE = YES;
				CODE_SIGN_IDENTITY = "";
				COMBINE_HIDPI_IMAGES = YES;
				DEVELOPMENT_TEAM = "";
				INFOPLIST_FILE = KcptunMacLauncher/Info.plist;
				LD_RUNPATH_SEARCH_PATHS = "$(inherited) @executable_path/../Frameworks";
				MACOSX_DEPLOYMENT_TARGET = 10.12;
				PRODUCT_BUNDLE_IDENTIFIER = com.cedric.KcptunMac.KcptunMacLauncher;
				PRODUCT_NAME = "$(TARGET_NAME)";
				SKIP_INSTALL = YES;
				SWIFT_OPTIMIZATION_LEVEL = "-Owholemodule";
				SWIFT_VERSION = 3.0;
			};
			name = Release;
		};
/* End XCBuildConfiguration section */

/* Begin XCConfigurationList section */
		A71042291D6F173B00E68257 /* Build configuration list for PBXProject "KcptunMac" */ = {
			isa = XCConfigurationList;
			buildConfigurations = (
				A710423B1D6F173B00E68257 /* Debug */,
				A710423C1D6F173B00E68257 /* Release */,
			);
			defaultConfigurationIsVisible = 0;
			defaultConfigurationName = Release;
		};
		A710423D1D6F173B00E68257 /* Build configuration list for PBXNativeTarget "KcptunMac" */ = {
			isa = XCConfigurationList;
			buildConfigurations = (
				A710423E1D6F173B00E68257 /* Debug */,
				A710423F1D6F173B00E68257 /* Release */,
			);
			defaultConfigurationIsVisible = 0;
			defaultConfigurationName = Release;
		};
		A7860A401E3741E20007A935 /* Build configuration list for PBXNativeTarget "KcptunMacLauncher" */ = {
			isa = XCConfigurationList;
			buildConfigurations = (
				A7860A411E3741E20007A935 /* Debug */,
				A7860A421E3741E20007A935 /* Release */,
			);
			defaultConfigurationIsVisible = 0;
			defaultConfigurationName = Release;
		};
/* End XCConfigurationList section */
	};
	rootObject = A71042261D6F173B00E68257 /* Project object */;
}
